
Microsoft Visual Studio Solution File, Format Version 12.00
# Visual Studio Version 17
VisualStudioVersion = 17.1.32228.430
MinimumVisualStudioVersion = 10.0.40219.1
Project("{FAE04EC0-301F-11D3-BF4B-00C04F79EFBC}") = "LowGTONBalanceNotification", "LowGTONBalanceNotification\LowGTONBalanceNotification.csproj", "{C70B2C1A-4296-41DC-B158-5409210C806E}"
EndProject
Global
	GlobalSection(SolutionConfigurationPlatforms) = preSolution
		Debug|Any CPU = Debug|Any CPU
		Release|Any CPU = Release|Any CPU
	EndGlobalSection
	GlobalSection(ProjectConfigurationPlatforms) = postSolution
		{C70B2C1A-4296-41DC-B158-5409210C806E}.Debug|Any CPU.ActiveCfg = Debug|Any CPU
		{C70B2C1A-4296-41DC-B158-5409210C806E}.Debug|Any CPU.Build.0 = Debug|Any CPU
		{C70B2C1A-4296-41DC-B158-5409210C806E}.Release|Any CPU.ActiveCfg = Release|Any CPU
		{C70B2C1A-4296-41DC-B158-5409210C806E}.Release|Any CPU.Build.0 = Release|Any CPU
	EndGlobalSection
	GlobalSection(SolutionProperties) = preSolution
		HideSolutionNode = FALSE
	EndGlobalSection
	GlobalSection(ExtensibilityGlobals) = postSolution
		SolutionGuid = {0775C196-081D-4E6F-82B3-52F90224DC8E}
	EndGlobalSection
EndGlobal
